// !$*UTF8*$!
{
	archiveVersion = 1;
	classes = {
	};
	objectVersion = 55;
	objects = {

/* Begin PBXBuildFile section */
		6B02726E288E8017007A3090 /* contacts.json in Resources */ = {isa = PBXBuildFile; fileRef = 6B02726D288E8017007A3090 /* contacts.json */; };
		6B5894B5287F144600565957 /* ContactListApp.swift in Sources */ = {isa = PBXBuildFile; fileRef = 6B5894B4287F144600565957 /* ContactListApp.swift */; };
		6B5894B7287F144600565957 /* ContentView.swift in Sources */ = {isa = PBXBuildFile; fileRef = 6B5894B6287F144600565957 /* ContentView.swift */; };
		6B5894B9287F144800565957 /* Assets.xcassets in Resources */ = {isa = PBXBuildFile; fileRef = 6B5894B8287F144800565957 /* Assets.xcassets */; };
		6B5894BC287F144800565957 /* Preview Assets.xcassets in Resources */ = {isa = PBXBuildFile; fileRef = 6B5894BB287F144800565957 /* Preview Assets.xcassets */; };
		6B5894C3287F149800565957 /* ColorConstants.swift in Sources */ = {isa = PBXBuildFile; fileRef = 6B5894C2287F149800565957 /* ColorConstants.swift */; };
		6B5894C5287F14DF00565957 /* InfoView.swift in Sources */ = {isa = PBXBuildFile; fileRef = 6B5894C4287F14DF00565957 /* InfoView.swift */; };
		6B5894C7287F153000565957 /* ContactCard.swift in Sources */ = {isa = PBXBuildFile; fileRef = 6B5894C6287F153000565957 /* ContactCard.swift */; };
		6B5894CC287F176E00565957 /* MapView.swift in Sources */ = {isa = PBXBuildFile; fileRef = 6B5894CB287F176E00565957 /* MapView.swift */; };
		6B5894CE287F1A4400565957 /* Contact.swift in Sources */ = {isa = PBXBuildFile; fileRef = 6B5894CD287F1A4400565957 /* Contact.swift */; };
		6B5894D0287F1B4000565957 /* ModelData.swift in Sources */ = {isa = PBXBuildFile; fileRef = 6B5894CF287F1B4000565957 /* ModelData.swift */; };
		6B5894D2287F1C3800565957 /* ContactList.swift in Sources */ = {isa = PBXBuildFile; fileRef = 6B5894D1287F1C3800565957 /* ContactList.swift */; };
		6B5894D4287F1C5C00565957 /* ContactRow.swift in Sources */ = {isa = PBXBuildFile; fileRef = 6B5894D3287F1C5C00565957 /* ContactRow.swift */; };
		6B5894D6287F202800565957 /* CircleImage.swift in Sources */ = {isa = PBXBuildFile; fileRef = 6B5894D5287F202700565957 /* CircleImage.swift */; };
		6B987DE8288F9DD400454E96 /* GreetingView.swift in Sources */ = {isa = PBXBuildFile; fileRef = 6B987DE7288F9DD400454E96 /* GreetingView.swift */; };
		6B998150288EC671001B1AC5 /* WelcomeView.swift in Sources */ = {isa = PBXBuildFile; fileRef = 6B99814F288EC671001B1AC5 /* WelcomeView.swift */; };
		6B998152288ECA20001B1AC5 /* CircleLayerView.swift in Sources */ = {isa = PBXBuildFile; fileRef = 6B998151288ECA20001B1AC5 /* CircleLayerView.swift */; };
/* End PBXBuildFile section */

/* Begin PBXFileReference section */
		6B02726D288E8017007A3090 /* contacts.json */ = {isa = PBXFileReference; fileEncoding = 4; lastKnownFileType = text.json; path = contacts.json; sourceTree = "<group>"; };
		6B5894B1287F144600565957 /* ContactList.app */ = {isa = PBXFileReference; explicitFileType = wrapper.application; includeInIndex = 0; path = ContactList.app; sourceTree = BUILT_PRODUCTS_DIR; };
		6B5894B4287F144600565957 /* ContactListApp.swift */ = {isa = PBXFileReference; lastKnownFileType = sourcecode.swift; path = ContactListApp.swift; sourceTree = "<group>"; };
		6B5894B6287F144600565957 /* ContentView.swift */ = {isa = PBXFileReference; lastKnownFileType = sourcecode.swift; path = ContentView.swift; sourceTree = "<group>"; };
		6B5894B8287F144800565957 /* Assets.xcassets */ = {isa = PBXFileReference; lastKnownFileType = folder.assetcatalog; path = Assets.xcassets; sourceTree = "<group>"; };
		6B5894BB287F144800565957 /* Preview Assets.xcassets */ = {isa = PBXFileReference; lastKnownFileType = folder.assetcatalog; path = "Preview Assets.xcassets"; sourceTree = "<group>"; };
		6B5894C2287F149800565957 /* ColorConstants.swift */ = {isa = PBXFileReference; lastKnownFileType = sourcecode.swift; path = ColorConstants.swift; sourceTree = "<group>"; };
		6B5894C4287F14DF00565957 /* InfoView.swift */ = {isa = PBXFileReference; lastKnownFileType = sourcecode.swift; path = InfoView.swift; sourceTree = "<group>"; };
		6B5894C6287F153000565957 /* ContactCard.swift */ = {isa = PBXFileReference; lastKnownFileType = sourcecode.swift; path = ContactCard.swift; sourceTree = "<group>"; };
		6B5894CB287F176E00565957 /* MapView.swift */ = {isa = PBXFileReference; lastKnownFileType = sourcecode.swift; path = MapView.swift; sourceTree = "<group>"; };
		6B5894CD287F1A4400565957 /* Contact.swift */ = {isa = PBXFileReference; lastKnownFileType = sourcecode.swift; path = Contact.swift; sourceTree = "<group>"; };
		6B5894CF287F1B4000565957 /* ModelData.swift */ = {isa = PBXFileReference; lastKnownFileType = sourcecode.swift; path = ModelData.swift; sourceTree = "<group>"; };
		6B5894D1287F1C3800565957 /* ContactList.swift */ = {isa = PBXFileReference; lastKnownFileType = sourcecode.swift; path = ContactList.swift; sourceTree = "<group>"; };
		6B5894D3287F1C5C00565957 /* ContactRow.swift */ = {isa = PBXFileReference; lastKnownFileType = sourcecode.swift; path = ContactRow.swift; sourceTree = "<group>"; };
		6B5894D5287F202700565957 /* CircleImage.swift */ = {isa = PBXFileReference; lastKnownFileType = sourcecode.swift; path = CircleImage.swift; sourceTree = "<group>"; };
		6B987DE7288F9DD400454E96 /* GreetingView.swift */ = {isa = PBXFileReference; lastKnownFileType = sourcecode.swift; path = GreetingView.swift; sourceTree = "<group>"; };
		6B99814F288EC671001B1AC5 /* WelcomeView.swift */ = {isa = PBXFileReference; lastKnownFileType = sourcecode.swift; path = WelcomeView.swift; sourceTree = "<group>"; };
		6B998151288ECA20001B1AC5 /* CircleLayerView.swift */ = {isa = PBXFileReference; lastKnownFileType = sourcecode.swift; path = CircleLayerView.swift; sourceTree = "<group>"; };
/* End PBXFileReference section */

/* Begin PBXFrameworksBuildPhase section */
		6B5894AE287F144600565957 /* Frameworks */ = {
			isa = PBXFrameworksBuildPhase;
			buildActionMask = 2147483647;
			files = (
			);
			runOnlyForDeploymentPostprocessing = 0;
		};
/* End PBXFrameworksBuildPhase section */

/* Begin PBXGroup section */
		6B155E852880631A00CA6E5C /* Model */ = {
			isa = PBXGroup;
			children = (
				6B02726D288E8017007A3090 /* contacts.json */,
				6B5894CD287F1A4400565957 /* Contact.swift */,
				6B5894CF287F1B4000565957 /* ModelData.swift */,
				6B5894C2287F149800565957 /* ColorConstants.swift */,
			);
			path = Model;
			sourceTree = "<group>";
		};
		6B155E862880633E00CA6E5C /* Views */ = {
			isa = PBXGroup;
			children = (
				6B5894B6287F144600565957 /* ContentView.swift */,
				6B5894D5287F202700565957 /* CircleImage.swift */,
				6B5894CB287F176E00565957 /* MapView.swift */,
				6B5894C4287F14DF00565957 /* InfoView.swift */,
				6B5894C6287F153000565957 /* ContactCard.swift */,
				6B5894D1287F1C3800565957 /* ContactList.swift */,
				6B5894D3287F1C5C00565957 /* ContactRow.swift */,
				6B998154288ECA37001B1AC5 /* Welcome */,
			);
			path = Views;
			sourceTree = "<group>";
		};
		6B5894A8287F144600565957 = {
			isa = PBXGroup;
			children = (
				6B5894B3287F144600565957 /* ContactList */,
				6B5894B2287F144600565957 /* Products */,
			);
			sourceTree = "<group>";
		};
		6B5894B2287F144600565957 /* Products */ = {
			isa = PBXGroup;
			children = (
				6B5894B1287F144600565957 /* ContactList.app */,
			);
			name = Products;
			sourceTree = "<group>";
		};
		6B5894B3287F144600565957 /* ContactList */ = {
			isa = PBXGroup;
			children = (
				6B5894B4287F144600565957 /* ContactListApp.swift */,
				6B155E862880633E00CA6E5C /* Views */,
				6B155E852880631A00CA6E5C /* Model */,
				6B5894B8287F144800565957 /* Assets.xcassets */,
				6B5894BA287F144800565957 /* Preview Content */,
			);
			path = ContactList;
			sourceTree = "<group>";
		};
		6B5894BA287F144800565957 /* Preview Content */ = {
			isa = PBXGroup;
			children = (
				6B5894BB287F144800565957 /* Preview Assets.xcassets */,
			);
			path = "Preview Content";
			sourceTree = "<group>";
		};
		6B998154288ECA37001B1AC5 /* Welcome */ = {
			isa = PBXGroup;
			children = (
				6B99814F288EC671001B1AC5 /* WelcomeView.swift */,
				6B987DE7288F9DD400454E96 /* GreetingView.swift */,
				6B998151288ECA20001B1AC5 /* CircleLayerView.swift */,
			);
			path = Welcome;
			sourceTree = "<group>";
		};
/* End PBXGroup section */

/* Begin PBXNativeTarget section */
		6B5894B0287F144600565957 /* ContactList */ = {
			isa = PBXNativeTarget;
			buildConfigurationList = 6B5894BF287F144800565957 /* Build configuration list for PBXNativeTarget "ContactList" */;
			buildPhases = (
				6B5894AD287F144600565957 /* Sources */,
				6B5894AE287F144600565957 /* Frameworks */,
				6B5894AF287F144600565957 /* Resources */,
			);
			buildRules = (
			);
			dependencies = (
			);
			name = ContactList;
			productName = ContactList;
			productReference = 6B5894B1287F144600565957 /* ContactList.app */;
			productType = "com.apple.product-type.application";
		};
/* End PBXNativeTarget section */

/* Begin PBXProject section */
		6B5894A9287F144600565957 /* Project object */ = {
			isa = PBXProject;
			attributes = {
				BuildIndependentTargetsInParallel = 1;
				LastSwiftUpdateCheck = 1340;
				LastUpgradeCheck = 1340;
				TargetAttributes = {
					6B5894B0287F144600565957 = {
						CreatedOnToolsVersion = 13.4.1;
					};
				};
			};
			buildConfigurationList = 6B5894AC287F144600565957 /* Build configuration list for PBXProject "ContactList" */;
			compatibilityVersion = "Xcode 13.0";
			developmentRegion = en;
			hasScannedForEncodings = 0;
			knownRegions = (
				en,
				Base,
			);
			mainGroup = 6B5894A8287F144600565957;
			productRefGroup = 6B5894B2287F144600565957 /* Products */;
			projectDirPath = "";
			projectRoot = "";
			targets = (
				6B5894B0287F144600565957 /* ContactList */,
			);
		};
/* End PBXProject section */

/* Begin PBXResourcesBuildPhase section */
		6B5894AF287F144600565957 /* Resources */ = {
			isa = PBXResourcesBuildPhase;
			buildActionMask = 2147483647;
			files = (
				6B5894BC287F144800565957 /* Preview Assets.xcassets in Resources */,
				6B02726E288E8017007A3090 /* contacts.json in Resources */,
				6B5894B9287F144800565957 /* Assets.xcassets in Resources */,
			);
			runOnlyForDeploymentPostprocessing = 0;
		};
/* End PBXResourcesBuildPhase section */

/* Begin PBXSourcesBuildPhase section */
		6B5894AD287F144600565957 /* Sources */ = {
			isa = PBXSourcesBuildPhase;
			buildActionMask = 2147483647;
			files = (
				6B5894C5287F14DF00565957 /* InfoView.swift in Sources */,
				6B987DE8288F9DD400454E96 /* GreetingView.swift in Sources */,
				6B5894D4287F1C5C00565957 /* ContactRow.swift in Sources */,
				6B5894CC287F176E00565957 /* MapView.swift in Sources */,
				6B5894C7287F153000565957 /* ContactCard.swift in Sources */,
				6B5894C3287F149800565957 /* ColorConstants.swift in Sources */,
				6B5894B7287F144600565957 /* ContentView.swift in Sources */,
				6B5894D0287F1B4000565957 /* ModelData.swift in Sources */,
				6B998152288ECA20001B1AC5 /* CircleLayerView.swift in Sources */,
				6B998150288EC671001B1AC5 /* WelcomeView.swift in Sources */,
				6B5894D2287F1C3800565957 /* ContactList.swift in Sources */,
				6B5894D6287F202800565957 /* CircleImage.swift in Sources */,
				6B5894B5287F144600565957 /* ContactListApp.swift in Sources */,
				6B5894CE287F1A4400565957 /* Contact.swift in Sources */,
			);
			runOnlyForDeploymentPostprocessing = 0;
		};
/* End PBXSourcesBuildPhase section */

/* Begin XCBuildConfiguration section */
		6B5894BD287F144800565957 /* Debug */ = {
			isa = XCBuildConfiguration;
			buildSettings = {
				ALWAYS_SEARCH_USER_PATHS = NO;
				CLANG_ANALYZER_NONNULL = YES;
				CLANG_ANALYZER_NUMBER_OBJECT_CONVERSION = YES_AGGRESSIVE;
				CLANG_CXX_LANGUAGE_STANDARD = "gnu++17";
				CLANG_ENABLE_MODULES = YES;
				CLANG_ENABLE_OBJC_ARC = YES;
				CLANG_ENABLE_OBJC_WEAK = YES;
				CLANG_WARN_BLOCK_CAPTURE_AUTORELEASING = YES;
				CLANG_WARN_BOOL_CONVERSION = YES;
				CLANG_WARN_COMMA = YES;
				CLANG_WARN_CONSTANT_CONVERSION = YES;
				CLANG_WARN_DEPRECATED_OBJC_IMPLEMENTATIONS = YES;
				CLANG_WARN_DIRECT_OBJC_ISA_USAGE = YES_ERROR;
				CLANG_WARN_DOCUMENTATION_COMMENTS = YES;
				CLANG_WARN_EMPTY_BODY = YES;
				CLANG_WARN_ENUM_CONVERSION = YES;
				CLANG_WARN_INFINITE_RECURSION = YES;
				CLANG_WARN_INT_CONVERSION = YES;
				CLANG_WARN_NON_LITERAL_NULL_CONVERSION = YES;
				CLANG_WARN_OBJC_IMPLICIT_RETAIN_SELF = YES;
				CLANG_WARN_OBJC_LITERAL_CONVERSION = YES;
				CLANG_WARN_OBJC_ROOT_CLASS = YES_ERROR;
				CLANG_WARN_QUOTED_INCLUDE_IN_FRAMEWORK_HEADER = YES;
				CLANG_WARN_RANGE_LOOP_ANALYSIS = YES;
				CLANG_WARN_STRICT_PROTOTYPES = YES;
				CLANG_WARN_SUSPICIOUS_MOVE = YES;
				CLANG_WARN_UNGUARDED_AVAILABILITY = YES_AGGRESSIVE;
				CLANG_WARN_UNREACHABLE_CODE = YES;
				CLANG_WARN__DUPLICATE_METHOD_MATCH = YES;
				COPY_PHASE_STRIP = NO;
				DEBUG_INFORMATION_FORMAT = dwarf;
				ENABLE_STRICT_OBJC_MSGSEND = YES;
				ENABLE_TESTABILITY = YES;
				GCC_C_LANGUAGE_STANDARD = gnu11;
				GCC_DYNAMIC_NO_PIC = NO;
				GCC_NO_COMMON_BLOCKS = YES;
				GCC_OPTIMIZATION_LEVEL = 0;
				GCC_PREPROCESSOR_DEFINITIONS = (
					"DEBUG=1",
					"$(inherited)",
				);
				GCC_WARN_64_TO_32_BIT_CONVERSION = YES;
				GCC_WARN_ABOUT_RETURN_TYPE = YES_ERROR;
				GCC_WARN_UNDECLARED_SELECTOR = YES;
				GCC_WARN_UNINITIALIZED_AUTOS = YES_AGGRESSIVE;
				GCC_WARN_UNUSED_FUNCTION = YES;
				GCC_WARN_UNUSED_VARIABLE = YES;
				IPHONEOS_DEPLOYMENT_TARGET = 15.0;
				MTL_ENABLE_DEBUG_INFO = INCLUDE_SOURCE;
				MTL_FAST_MATH = YES;
				ONLY_ACTIVE_ARCH = YES;
				SDKROOT = iphoneos;
				SWIFT_ACTIVE_COMPILATION_CONDITIONS = DEBUG;
				SWIFT_OPTIMIZATION_LEVEL = "-Onone";
			};
			name = Debug;
		};
		6B5894BE287F144800565957 /* Release */ = {
			isa = XCBuildConfiguration;
			buildSettings = {
				ALWAYS_SEARCH_USER_PATHS = NO;
				CLANG_ANALYZER_NONNULL = YES;
				CLANG_ANALYZER_NUMBER_OBJECT_CONVERSION = YES_AGGRESSIVE;
				CLANG_CXX_LANGUAGE_STANDARD = "gnu++17";
				CLANG_ENABLE_MODULES = YES;
				CLANG_ENABLE_OBJC_ARC = YES;
				CLANG_ENABLE_OBJC_WEAK = YES;
				CLANG_WARN_BLOCK_CAPTURE_AUTORELEASING = YES;
				CLANG_WARN_BOOL_CONVERSION = YES;
				CLANG_WARN_COMMA = YES;
				CLANG_WARN_CONSTANT_CONVERSION = YES;
				CLANG_WARN_DEPRECATED_OBJC_IMPLEMENTATIONS = YES;
				CLANG_WARN_DIRECT_OBJC_ISA_USAGE = YES_ERROR;
				CLANG_WARN_DOCUMENTATION_COMMENTS = YES;
				CLANG_WARN_EMPTY_BODY = YES;
				CLANG_WARN_ENUM_CONVERSION = YES;
				CLANG_WARN_INFINITE_RECURSION = YES;
				CLANG_WARN_INT_CONVERSION = YES;
				CLANG_WARN_NON_LITERAL_NULL_CONVERSION = YES;
				CLANG_WARN_OBJC_IMPLICIT_RETAIN_SELF = YES;
				CLANG_WARN_OBJC_LITERAL_CONVERSION = YES;
				CLANG_WARN_OBJC_ROOT_CLASS = YES_ERROR;
				CLANG_WARN_QUOTED_INCLUDE_IN_FRAMEWORK_HEADER = YES;
				CLANG_WARN_RANGE_LOOP_ANALYSIS = YES;
				CLANG_WARN_STRICT_PROTOTYPES = YES;
				CLANG_WARN_SUSPICIOUS_MOVE = YES;
				CLANG_WARN_UNGUARDED_AVAILABILITY = YES_AGGRESSIVE;
				CLANG_WARN_UNREACHABLE_CODE = YES;
				CLANG_WARN__DUPLICATE_METHOD_MATCH = YES;
				COPY_PHASE_STRIP = NO;
				DEBUG_INFORMATION_FORMAT = "dwarf-with-dsym";
				ENABLE_NS_ASSERTIONS = NO;
				ENABLE_STRICT_OBJC_MSGSEND = YES;
				GCC_C_LANGUAGE_STANDARD = gnu11;
				GCC_NO_COMMON_BLOCKS = YES;
				GCC_WARN_64_TO_32_BIT_CONVERSION = YES;
				GCC_WARN_ABOUT_RETURN_TYPE = YES_ERROR;
				GCC_WARN_UNDECLARED_SELECTOR = YES;
				GCC_WARN_UNINITIALIZED_AUTOS = YES_AGGRESSIVE;
				GCC_WARN_UNUSED_FUNCTION = YES;
				GCC_WARN_UNUSED_VARIABLE = YES;
				IPHONEOS_DEPLOYMENT_TARGET = 15.0;
				MTL_ENABLE_DEBUG_INFO = NO;
				MTL_FAST_MATH = YES;
				SDKROOT = iphoneos;
				SWIFT_COMPILATION_MODE = wholemodule;
				SWIFT_OPTIMIZATION_LEVEL = "-O";
				VALIDATE_PRODUCT = YES;
			};
			name = Release;
		};
		6B5894C0287F144800565957 /* Debug */ = {
			isa = XCBuildConfiguration;
			buildSettings = {
				ASSETCATALOG_COMPILER_APPICON_NAME = AppIcon;
				ASSETCATALOG_COMPILER_GLOBAL_ACCENT_COLOR_NAME = AccentColor;
				CODE_SIGN_STYLE = Automatic;
				CURRENT_PROJECT_VERSION = 1;
				DEVELOPMENT_ASSET_PATHS = "\"ContactList/Preview Content\"";
				DEVELOPMENT_TEAM = 7GL9H6DMF2;
				ENABLE_PREVIEWS = YES;
				GENERATE_INFOPLIST_FILE = YES;
				INFOPLIST_KEY_UIApplicationSceneManifest_Generation = YES;
				INFOPLIST_KEY_UIApplicationSupportsIndirectInputEvents = YES;
				INFOPLIST_KEY_UILaunchScreen_Generation = YES;
				INFOPLIST_KEY_UISupportedInterfaceOrientations_iPad = "UIInterfaceOrientationPortrait UIInterfaceOrientationPortraitUpsideDown UIInterfaceOrientationLandscapeLeft UIInterfaceOrientationLandscapeRight";
				INFOPLIST_KEY_UISupportedInterfaceOrientations_iPhone = "UIInterfaceOrientationPortrait UIInterfaceOrientationLandscapeLeft UIInterfaceOrientationLandscapeRight";
				LD_RUNPATH_SEARCH_PATHS = (
					"$(inherited)",
					"@executable_path/Frameworks",
				);
				MARKETING_VERSION = 1.0;
				PRODUCT_BUNDLE_IDENTIFIER = vn.edu.rmit.tom.ContactList;
				PRODUCT_NAME = "$(TARGET_NAME)";
				SWIFT_EMIT_LOC_STRINGS = YES;
				SWIFT_VERSION = 5.0;
				TARGETED_DEVICE_FAMILY = "1,2";
			};
			name = Debug;
		};
		6B5894C1287F144800565957 /* Release */ = {
			isa = XCBuildConfiguration;
			buildSettings = {
				ASSETCATALOG_COMPILER_APPICON_NAME = AppIcon;
				ASSETCATALOG_COMPILER_GLOBAL_ACCENT_COLOR_NAME = AccentColor;
				CODE_SIGN_STYLE = Automatic;
				CURRENT_PROJECT_VERSION = 1;
				DEVELOPMENT_ASSET_PATHS = "\"ContactList/Preview Content\"";
				DEVELOPMENT_TEAM = 7GL9H6DMF2;
				ENABLE_PREVIEWS = YES;
				GENERATE_INFOPLIST_FILE = YES;
				INFOPLIST_KEY_UIApplicationSceneManifest_Generation = YES;
				INFOPLIST_KEY_UIApplicationSupportsIndirectInputEvents = YES;
				INFOPLIST_KEY_UILaunchScreen_Generation = YES;
				INFOPLIST_KEY_UISupportedInterfaceOrientations_iPad = "UIInterfaceOrientationPortrait UIInterfaceOrientationPortraitUpsideDown UIInterfaceOrientationLandscapeLeft UIInterfaceOrientationLandscapeRight";
				INFOPLIST_KEY_UISupportedInterfaceOrientations_iPhone = "UIInterfaceOrientationPortrait UIInterfaceOrientationLandscapeLeft UIInterfaceOrientationLandscapeRight";
				LD_RUNPATH_SEARCH_PATHS = (
					"$(inherited)",
					"@executable_path/Frameworks",
				);
				MARKETING_VERSION = 1.0;
				PRODUCT_BUNDLE_IDENTIFIER = vn.edu.rmit.tom.ContactList;
				PRODUCT_NAME = "$(TARGET_NAME)";
				SWIFT_EMIT_LOC_STRINGS = YES;
				SWIFT_VERSION = 5.0;
				TARGETED_DEVICE_FAMILY = "1,2";
			};
			name = Release;
		};
/* End XCBuildConfiguration section */

/* Begin XCConfigurationList section */
		6B5894AC287F144600565957 /* Build configuration list for PBXProject "ContactList" */ = {
			isa = XCConfigurationList;
			buildConfigurations = (
				6B5894BD287F144800565957 /* Debug */,
				6B5894BE287F144800565957 /* Release */,
			);
			defaultConfigurationIsVisible = 0;
			defaultConfigurationName = Release;
		};
		6B5894BF287F144800565957 /* Build configuration list for PBXNativeTarget "ContactList" */ = {
			isa = XCConfigurationList;
			buildConfigurations = (
				6B5894C0287F144800565957 /* Debug */,
				6B5894C1287F144800565957 /* Release */,
			);
			defaultConfigurationIsVisible = 0;
			defaultConfigurationName = Release;
		};
/* End XCConfigurationList section */
	};
	rootObject = 6B5894A9287F144600565957 /* Project object */;
}
